
Microsoft Visual Studio Solution File, Format Version 12.00
# Visual Studio Version 17
VisualStudioVersion = 17.3.32819.101
MinimumVisualStudioVersion = 10.0.40219.1
Project("{FAE04EC0-301F-11D3-BF4B-00C04F79EFBC}") = "Recursividad", "Recursividad\Recursividad.csproj", "{72BE2890-A2B3-4171-88A0-47C5C459B55E}"
EndProject
Global
	GlobalSection(SolutionConfigurationPlatforms) = preSolution
		Debug|Any CPU = Debug|Any CPU
		Release|Any CPU = Release|Any CPU
	EndGlobalSection
	GlobalSection(ProjectConfigurationPlatforms) = postSolution
		{72BE2890-A2B3-4171-88A0-47C5C459B55E}.Debug|Any CPU.ActiveCfg = Debug|Any CPU
		{72BE2890-A2B3-4171-88A0-47C5C459B55E}.Debug|Any CPU.Build.0 = Debug|Any CPU
		{72BE2890-A2B3-4171-88A0-47C5C459B55E}.Release|Any CPU.ActiveCfg = Release|Any CPU
		{72BE2890-A2B3-4171-88A0-47C5C459B55E}.Release|Any CPU.Build.0 = Release|Any CPU
	EndGlobalSection
	GlobalSection(SolutionProperties) = preSolution
		HideSolutionNode = FALSE
	EndGlobalSection
	GlobalSection(ExtensibilityGlobals) = postSolution
		SolutionGuid = {5344E13E-586C-4121-99AB-391273530E22}
	EndGlobalSection
EndGlobal
